{
    "name": "innocent",
    "version": "1.0.0",
    "lockfileVersion": 2,
    "requires": true,
    "packages": {
        "": {
            "name": "innocent",
            "version": "1.0.0",
            "license": "AGPL-3.0-or-later",
            "dependencies": {
                "vulnerable": "file:../vulnerable"
            }
        },
        "../vulnerable": {
            "version": "1.0.0",
            "license": "AGPL-3.0-or-later",
            "dependencies": {
                "dotenv": "^16.0.1"
            }
        },
        "node_modules/vulnerable": {
            "resolved": "../vulnerable",
            "link": true
        }
    },
    "dependencies": {
        "vulnerable": {
            "version": "file:../vulnerable",
            "requires": {
                "dotenv": "^16.0.1"
            }
        }
    }
}
